// !$*UTF8*$!
{
	archiveVersion = 1;
	classes = {
	};
	objectVersion = 77;
	objects = {

/* Begin PBXBuildFile section */
		BD15A2B82DCE0A9800C5FAEB /* ConfettiSwiftUI in Frameworks */ = {isa = PBXBuildFile; productRef = BD15A2B72DCE0A9800C5FAEB /* ConfettiSwiftUI */; };
		BD53EBAC2DDB26BF0082CB39 /* VTabView in Frameworks */ = {isa = PBXBuildFile; productRef = BD53EBAB2DDB26BF0082CB39 /* VTabView */; };
		BD8F091C2DD4D96C00199409 /* Lottie in Frameworks */ = {isa = PBXBuildFile; productRef = BD8F091B2DD4D96C00199409 /* Lottie */; };
/* End PBXBuildFile section */

/* Begin PBXContainerItemProxy section */
		BD704B372DCB6AD1004C0A97 /* PBXContainerItemProxy */ = {
			isa = PBXContainerItemProxy;
			containerPortal = BD704B1E2DCB6AD0004C0A97 /* Project object */;
			proxyType = 1;
			remoteGlobalIDString = BD704B252DCB6AD0004C0A97;
			remoteInfo = "Ivan's story";
		};
		BD704B412DCB6AD1004C0A97 /* PBXContainerItemProxy */ = {
			isa = PBXContainerItemProxy;
			containerPortal = BD704B1E2DCB6AD0004C0A97 /* Project object */;
			proxyType = 1;
			remoteGlobalIDString = BD704B252DCB6AD0004C0A97;
			remoteInfo = "Ivan's story";
		};
/* End PBXContainerItemProxy section */

/* Begin PBXFileReference section */
		BD704B262DCB6AD0004C0A97 /* Ivan's story.app */ = {isa = PBXFileReference; explicitFileType = wrapper.application; includeInIndex = 0; path = "Ivan's story.app"; sourceTree = BUILT_PRODUCTS_DIR; };
		BD704B362DCB6AD1004C0A97 /* Ivan's storyTests.xctest */ = {isa = PBXFileReference; explicitFileType = wrapper.cfbundle; includeInIndex = 0; path = "Ivan's storyTests.xctest"; sourceTree = BUILT_PRODUCTS_DIR; };
		BD704B402DCB6AD1004C0A97 /* Ivan's storyUITests.xctest */ = {isa = PBXFileReference; explicitFileType = wrapper.cfbundle; includeInIndex = 0; path = "Ivan's storyUITests.xctest"; sourceTree = BUILT_PRODUCTS_DIR; };
/* End PBXFileReference section */

/* Begin PBXFileSystemSynchronizedRootGroup section */
		BD704B282DCB6AD0004C0A97 /* Ivan's story */ = {
			isa = PBXFileSystemSynchronizedRootGroup;
			path = "Ivan's story";
			sourceTree = "<group>";
		};
		BD704B392DCB6AD1004C0A97 /* Ivan's storyTests */ = {
			isa = PBXFileSystemSynchronizedRootGroup;
			path = "Ivan's storyTests";
			sourceTree = "<group>";
		};
		BD704B432DCB6AD1004C0A97 /* Ivan's storyUITests */ = {
			isa = PBXFileSystemSynchronizedRootGroup;
			path = "Ivan's storyUITests";
			sourceTree = "<group>";
		};
/* End PBXFileSystemSynchronizedRootGroup section */

/* Begin PBXFrameworksBuildPhase section */
		BD704B232DCB6AD0004C0A97 /* Frameworks */ = {
			isa = PBXFrameworksBuildPhase;
			buildActionMask = 2147483647;
			files = (
				BD15A2B82DCE0A9800C5FAEB /* ConfettiSwiftUI in Frameworks */,
				BD53EBAC2DDB26BF0082CB39 /* VTabView in Frameworks */,
				BD8F091C2DD4D96C00199409 /* Lottie in Frameworks */,
			);
			runOnlyForDeploymentPostprocessing = 0;
		};
		BD704B332DCB6AD1004C0A97 /* Frameworks */ = {
			isa = PBXFrameworksBuildPhase;
			buildActionMask = 2147483647;
			files = (
			);
			runOnlyForDeploymentPostprocessing = 0;
		};
		BD704B3D2DCB6AD1004C0A97 /* Frameworks */ = {
			isa = PBXFrameworksBuildPhase;
			buildActionMask = 2147483647;
			files = (
			);
			runOnlyForDeploymentPostprocessing = 0;
		};
/* End PBXFrameworksBuildPhase section */

/* Begin PBXGroup section */
		BD704B1D2DCB6AD0004C0A97 = {
			isa = PBXGroup;
			children = (
				BD704B282DCB6AD0004C0A97 /* Ivan's story */,
				BD704B392DCB6AD1004C0A97 /* Ivan's storyTests */,
				BD704B432DCB6AD1004C0A97 /* Ivan's storyUITests */,
				BD704B272DCB6AD0004C0A97 /* Products */,
			);
			sourceTree = "<group>";
		};
		BD704B272DCB6AD0004C0A97 /* Products */ = {
			isa = PBXGroup;
			children = (
				BD704B262DCB6AD0004C0A97 /* Ivan's story.app */,
				BD704B362DCB6AD1004C0A97 /* Ivan's storyTests.xctest */,
				BD704B402DCB6AD1004C0A97 /* Ivan's storyUITests.xctest */,
			);
			name = Products;
			sourceTree = "<group>";
		};
/* End PBXGroup section */

/* Begin PBXNativeTarget section */
		BD704B252DCB6AD0004C0A97 /* Ivan's story */ = {
			isa = PBXNativeTarget;
			buildConfigurationList = BD704B4A2DCB6AD1004C0A97 /* Build configuration list for PBXNativeTarget "Ivan's story" */;
			buildPhases = (
				BD704B222DCB6AD0004C0A97 /* Sources */,
				BD704B232DCB6AD0004C0A97 /* Frameworks */,
				BD704B242DCB6AD0004C0A97 /* Resources */,
			);
			buildRules = (
			);
			dependencies = (
			);
			fileSystemSynchronizedGroups = (
				BD704B282DCB6AD0004C0A97 /* Ivan's story */,
			);
			name = "Ivan's story";
			packageProductDependencies = (
				BD15A2B72DCE0A9800C5FAEB /* ConfettiSwiftUI */,
				BD8F091B2DD4D96C00199409 /* Lottie */,
				BD53EBAB2DDB26BF0082CB39 /* VTabView */,
			);
			productName = "Ivan's story";
			productReference = BD704B262DCB6AD0004C0A97 /* Ivan's story.app */;
			productType = "com.apple.product-type.application";
		};
		BD704B352DCB6AD1004C0A97 /* Ivan's storyTests */ = {
			isa = PBXNativeTarget;
			buildConfigurationList = BD704B4D2DCB6AD1004C0A97 /* Build configuration list for PBXNativeTarget "Ivan's storyTests" */;
			buildPhases = (
				BD704B322DCB6AD1004C0A97 /* Sources */,
				BD704B332DCB6AD1004C0A97 /* Frameworks */,
				BD704B342DCB6AD1004C0A97 /* Resources */,
			);
			buildRules = (
			);
			dependencies = (
				BD704B382DCB6AD1004C0A97 /* PBXTargetDependency */,
			);
			fileSystemSynchronizedGroups = (
				BD704B392DCB6AD1004C0A97 /* Ivan's storyTests */,
			);
			name = "Ivan's storyTests";
			packageProductDependencies = (
			);
			productName = "Ivan's storyTests";
			productReference = BD704B362DCB6AD1004C0A97 /* Ivan's storyTests.xctest */;
			productType = "com.apple.product-type.bundle.unit-test";
		};
		BD704B3F2DCB6AD1004C0A97 /* Ivan's storyUITests */ = {
			isa = PBXNativeTarget;
			buildConfigurationList = BD704B502DCB6AD1004C0A97 /* Build configuration list for PBXNativeTarget "Ivan's storyUITests" */;
			buildPhases = (
				BD704B3C2DCB6AD1004C0A97 /* Sources */,
				BD704B3D2DCB6AD1004C0A97 /* Frameworks */,
				BD704B3E2DCB6AD1004C0A97 /* Resources */,
			);
			buildRules = (
			);
			dependencies = (
				BD704B422DCB6AD1004C0A97 /* PBXTargetDependency */,
			);
			fileSystemSynchronizedGroups = (
				BD704B432DCB6AD1004C0A97 /* Ivan's storyUITests */,
			);
			name = "Ivan's storyUITests";
			packageProductDependencies = (
			);
			productName = "Ivan's storyUITests";
			productReference = BD704B402DCB6AD1004C0A97 /* Ivan's storyUITests.xctest */;
			productType = "com.apple.product-type.bundle.ui-testing";
		};
/* End PBXNativeTarget section */

/* Begin PBXProject section */
		BD704B1E2DCB6AD0004C0A97 /* Project object */ = {
			isa = PBXProject;
			attributes = {
				BuildIndependentTargetsInParallel = 1;
				LastSwiftUpdateCheck = 1620;
				LastUpgradeCheck = 1620;
				TargetAttributes = {
					BD704B252DCB6AD0004C0A97 = {
						CreatedOnToolsVersion = 16.2;
					};
					BD704B352DCB6AD1004C0A97 = {
						CreatedOnToolsVersion = 16.2;
						TestTargetID = BD704B252DCB6AD0004C0A97;
					};
					BD704B3F2DCB6AD1004C0A97 = {
						CreatedOnToolsVersion = 16.2;
						TestTargetID = BD704B252DCB6AD0004C0A97;
					};
				};
			};
			buildConfigurationList = BD704B212DCB6AD0004C0A97 /* Build configuration list for PBXProject "Ivan's story" */;
			developmentRegion = en;
			hasScannedForEncodings = 0;
			knownRegions = (
				en,
				Base,
			);
			mainGroup = BD704B1D2DCB6AD0004C0A97;
			minimizedProjectReferenceProxies = 1;
			packageReferences = (
				BD15A2B62DCE099000C5FAEB /* XCRemoteSwiftPackageReference "ConfettiSwiftUI" */,
				BD8F091A2DD4D96C00199409 /* XCRemoteSwiftPackageReference "lottie-ios" */,
				BD53EBAA2DDB26BF0082CB39 /* XCRemoteSwiftPackageReference "swiftui-vertical-tab-view" */,
			);
			preferredProjectObjectVersion = 77;
			productRefGroup = BD704B272DCB6AD0004C0A97 /* Products */;
			projectDirPath = "";
			projectRoot = "";
			targets = (
				BD704B252DCB6AD0004C0A97 /* Ivan's story */,
				BD704B352DCB6AD1004C0A97 /* Ivan's storyTests */,
				BD704B3F2DCB6AD1004C0A97 /* Ivan's storyUITests */,
			);
		};
/* End PBXProject section */

/* Begin PBXResourcesBuildPhase section */
		BD704B242DCB6AD0004C0A97 /* Resources */ = {
			isa = PBXResourcesBuildPhase;
			buildActionMask = 2147483647;
			files = (
			);
			runOnlyForDeploymentPostprocessing = 0;
		};
		BD704B342DCB6AD1004C0A97 /* Resources */ = {
			isa = PBXResourcesBuildPhase;
			buildActionMask = 2147483647;
			files = (
			);
			runOnlyForDeploymentPostprocessing = 0;
		};
		BD704B3E2DCB6AD1004C0A97 /* Resources */ = {
			isa = PBXResourcesBuildPhase;
			buildActionMask = 2147483647;
			files = (
			);
			runOnlyForDeploymentPostprocessing = 0;
		};
/* End PBXResourcesBuildPhase section */

/* Begin PBXSourcesBuildPhase section */
		BD704B222DCB6AD0004C0A97 /* Sources */ = {
			isa = PBXSourcesBuildPhase;
			buildActionMask = 2147483647;
			files = (
			);
			runOnlyForDeploymentPostprocessing = 0;
		};
		BD704B322DCB6AD1004C0A97 /* Sources */ = {
			isa = PBXSourcesBuildPhase;
			buildActionMask = 2147483647;
			files = (
			);
			runOnlyForDeploymentPostprocessing = 0;
		};
		BD704B3C2DCB6AD1004C0A97 /* Sources */ = {
			isa = PBXSourcesBuildPhase;
			buildActionMask = 2147483647;
			files = (
			);
			runOnlyForDeploymentPostprocessing = 0;
		};
/* End PBXSourcesBuildPhase section */

/* Begin PBXTargetDependency section */
		BD704B382DCB6AD1004C0A97 /* PBXTargetDependency */ = {
			isa = PBXTargetDependency;
			target = BD704B252DCB6AD0004C0A97 /* Ivan's story */;
			targetProxy = BD704B372DCB6AD1004C0A97 /* PBXContainerItemProxy */;
		};
		BD704B422DCB6AD1004C0A97 /* PBXTargetDependency */ = {
			isa = PBXTargetDependency;
			target = BD704B252DCB6AD0004C0A97 /* Ivan's story */;
			targetProxy = BD704B412DCB6AD1004C0A97 /* PBXContainerItemProxy */;
		};
/* End PBXTargetDependency section */

/* Begin XCBuildConfiguration section */
		BD704B482DCB6AD1004C0A97 /* Debug */ = {
			isa = XCBuildConfiguration;
			buildSettings = {
				ALWAYS_SEARCH_USER_PATHS = NO;
				ASSETCATALOG_COMPILER_GENERATE_SWIFT_ASSET_SYMBOL_EXTENSIONS = YES;
				CLANG_ANALYZER_NONNULL = YES;
				CLANG_ANALYZER_NUMBER_OBJECT_CONVERSION = YES_AGGRESSIVE;
				CLANG_CXX_LANGUAGE_STANDARD = "gnu++20";
				CLANG_ENABLE_MODULES = YES;
				CLANG_ENABLE_OBJC_ARC = YES;
				CLANG_ENABLE_OBJC_WEAK = YES;
				CLANG_WARN_BLOCK_CAPTURE_AUTORELEASING = YES;
				CLANG_WARN_BOOL_CONVERSION = YES;
				CLANG_WARN_COMMA = YES;
				CLANG_WARN_CONSTANT_CONVERSION = YES;
				CLANG_WARN_DEPRECATED_OBJC_IMPLEMENTATIONS = YES;
				CLANG_WARN_DIRECT_OBJC_ISA_USAGE = YES_ERROR;
				CLANG_WARN_DOCUMENTATION_COMMENTS = YES;
				CLANG_WARN_EMPTY_BODY = YES;
				CLANG_WARN_ENUM_CONVERSION = YES;
				CLANG_WARN_INFINITE_RECURSION = YES;
				CLANG_WARN_INT_CONVERSION = YES;
				CLANG_WARN_NON_LITERAL_NULL_CONVERSION = YES;
				CLANG_WARN_OBJC_IMPLICIT_RETAIN_SELF = YES;
				CLANG_WARN_OBJC_LITERAL_CONVERSION = YES;
				CLANG_WARN_OBJC_ROOT_CLASS = YES_ERROR;
				CLANG_WARN_QUOTED_INCLUDE_IN_FRAMEWORK_HEADER = YES;
				CLANG_WARN_RANGE_LOOP_ANALYSIS = YES;
				CLANG_WARN_STRICT_PROTOTYPES = YES;
				CLANG_WARN_SUSPICIOUS_MOVE = YES;
				CLANG_WARN_UNGUARDED_AVAILABILITY = YES_AGGRESSIVE;
				CLANG_WARN_UNREACHABLE_CODE = YES;
				CLANG_WARN__DUPLICATE_METHOD_MATCH = YES;
				COPY_PHASE_STRIP = NO;
				DEBUG_INFORMATION_FORMAT = dwarf;
				ENABLE_STRICT_OBJC_MSGSEND = YES;
				ENABLE_TESTABILITY = YES;
				ENABLE_USER_SCRIPT_SANDBOXING = YES;
				GCC_C_LANGUAGE_STANDARD = gnu17;
				GCC_DYNAMIC_NO_PIC = NO;
				GCC_NO_COMMON_BLOCKS = YES;
				GCC_OPTIMIZATION_LEVEL = 0;
				GCC_PREPROCESSOR_DEFINITIONS = (
					"DEBUG=1",
					"$(inherited)",
				);
				GCC_WARN_64_TO_32_BIT_CONVERSION = YES;
				GCC_WARN_ABOUT_RETURN_TYPE = YES_ERROR;
				GCC_WARN_UNDECLARED_SELECTOR = YES;
				GCC_WARN_UNINITIALIZED_AUTOS = YES_AGGRESSIVE;
				GCC_WARN_UNUSED_FUNCTION = YES;
				GCC_WARN_UNUSED_VARIABLE = YES;
				IPHONEOS_DEPLOYMENT_TARGET = 18.2;
				LOCALIZATION_PREFERS_STRING_CATALOGS = YES;
				MTL_ENABLE_DEBUG_INFO = INCLUDE_SOURCE;
				MTL_FAST_MATH = YES;
				ONLY_ACTIVE_ARCH = YES;
				SDKROOT = iphoneos;
				SWIFT_ACTIVE_COMPILATION_CONDITIONS = "DEBUG $(inherited)";
				SWIFT_OPTIMIZATION_LEVEL = "-Onone";
			};
			name = Debug;
		};
		BD704B492DCB6AD1004C0A97 /* Release */ = {
			isa = XCBuildConfiguration;
			buildSettings = {
				ALWAYS_SEARCH_USER_PATHS = NO;
				ASSETCATALOG_COMPILER_GENERATE_SWIFT_ASSET_SYMBOL_EXTENSIONS = YES;
				CLANG_ANALYZER_NONNULL = YES;
				CLANG_ANALYZER_NUMBER_OBJECT_CONVERSION = YES_AGGRESSIVE;
				CLANG_CXX_LANGUAGE_STANDARD = "gnu++20";
				CLANG_ENABLE_MODULES = YES;
				CLANG_ENABLE_OBJC_ARC = YES;
				CLANG_ENABLE_OBJC_WEAK = YES;
				CLANG_WARN_BLOCK_CAPTURE_AUTORELEASING = YES;
				CLANG_WARN_BOOL_CONVERSION = YES;
				CLANG_WARN_COMMA = YES;
				CLANG_WARN_CONSTANT_CONVERSION = YES;
				CLANG_WARN_DEPRECATED_OBJC_IMPLEMENTATIONS = YES;
				CLANG_WARN_DIRECT_OBJC_ISA_USAGE = YES_ERROR;
				CLANG_WARN_DOCUMENTATION_COMMENTS = YES;
				CLANG_WARN_EMPTY_BODY = YES;
				CLANG_WARN_ENUM_CONVERSION = YES;
				CLANG_WARN_INFINITE_RECURSION = YES;
				CLANG_WARN_INT_CONVERSION = YES;
				CLANG_WARN_NON_LITERAL_NULL_CONVERSION = YES;
				CLANG_WARN_OBJC_IMPLICIT_RETAIN_SELF = YES;
				CLANG_WARN_OBJC_LITERAL_CONVERSION = YES;
				CLANG_WARN_OBJC_ROOT_CLASS = YES_ERROR;
				CLANG_WARN_QUOTED_INCLUDE_IN_FRAMEWORK_HEADER = YES;
				CLANG_WARN_RANGE_LOOP_ANALYSIS = YES;
				CLANG_WARN_STRICT_PROTOTYPES = YES;
				CLANG_WARN_SUSPICIOUS_MOVE = YES;
				CLANG_WARN_UNGUARDED_AVAILABILITY = YES_AGGRESSIVE;
				CLANG_WARN_UNREACHABLE_CODE = YES;
				CLANG_WARN__DUPLICATE_METHOD_MATCH = YES;
				COPY_PHASE_STRIP = NO;
				DEBUG_INFORMATION_FORMAT = "dwarf-with-dsym";
				ENABLE_NS_ASSERTIONS = NO;
				ENABLE_STRICT_OBJC_MSGSEND = YES;
				ENABLE_USER_SCRIPT_SANDBOXING = YES;
				GCC_C_LANGUAGE_STANDARD = gnu17;
				GCC_NO_COMMON_BLOCKS = YES;
				GCC_WARN_64_TO_32_BIT_CONVERSION = YES;
				GCC_WARN_ABOUT_RETURN_TYPE = YES_ERROR;
				GCC_WARN_UNDECLARED_SELECTOR = YES;
				GCC_WARN_UNINITIALIZED_AUTOS = YES_AGGRESSIVE;
				GCC_WARN_UNUSED_FUNCTION = YES;
				GCC_WARN_UNUSED_VARIABLE = YES;
				IPHONEOS_DEPLOYMENT_TARGET = 18.2;
				LOCALIZATION_PREFERS_STRING_CATALOGS = YES;
				MTL_ENABLE_DEBUG_INFO = NO;
				MTL_FAST_MATH = YES;
				SDKROOT = iphoneos;
				SWIFT_COMPILATION_MODE = wholemodule;
				VALIDATE_PRODUCT = YES;
			};
			name = Release;
		};
		BD704B4B2DCB6AD1004C0A97 /* Debug */ = {
			isa = XCBuildConfiguration;
			buildSettings = {
				ASSETCATALOG_COMPILER_APPICON_NAME = AppIcon;
				ASSETCATALOG_COMPILER_GLOBAL_ACCENT_COLOR_NAME = AccentColor;
				CODE_SIGN_STYLE = Automatic;
				CURRENT_PROJECT_VERSION = 1;
				DEVELOPMENT_ASSET_PATHS = "\"Ivan's story/Preview Content\"";
				DEVELOPMENT_TEAM = V793ZTK7Y4;
				ENABLE_PREVIEWS = YES;
				GENERATE_INFOPLIST_FILE = YES;
				INFOPLIST_KEY_LSApplicationCategoryType = "public.app-category.books";
				INFOPLIST_KEY_UIApplicationSceneManifest_Generation = YES;
				INFOPLIST_KEY_UIApplicationSupportsIndirectInputEvents = YES;
				INFOPLIST_KEY_UILaunchScreen_Generation = YES;
				INFOPLIST_KEY_UISupportedInterfaceOrientations_iPad = "UIInterfaceOrientationPortrait UIInterfaceOrientationPortraitUpsideDown UIInterfaceOrientationLandscapeLeft UIInterfaceOrientationLandscapeRight";
				INFOPLIST_KEY_UISupportedInterfaceOrientations_iPhone = UIInterfaceOrientationPortrait;
				IPHONEOS_DEPLOYMENT_TARGET = 18.0;
				LD_RUNPATH_SEARCH_PATHS = (
					"$(inherited)",
					"@executable_path/Frameworks",
				);
				MARKETING_VERSION = 1.0;
				PRODUCT_BUNDLE_IDENTIFIER = "com.alvindo.Ivan-s-story";
				PRODUCT_NAME = "$(TARGET_NAME)";
				SWIFT_EMIT_LOC_STRINGS = YES;
				SWIFT_VERSION = 5.0;
				TARGETED_DEVICE_FAMILY = "1,2";
			};
			name = Debug;
		};
		BD704B4C2DCB6AD1004C0A97 /* Release */ = {
			isa = XCBuildConfiguration;
			buildSettings = {
				ASSETCATALOG_COMPILER_APPICON_NAME = AppIcon;
				ASSETCATALOG_COMPILER_GLOBAL_ACCENT_COLOR_NAME = AccentColor;
				CODE_SIGN_STYLE = Automatic;
				CURRENT_PROJECT_VERSION = 1;
				DEVELOPMENT_ASSET_PATHS = "\"Ivan's story/Preview Content\"";
				DEVELOPMENT_TEAM = V793ZTK7Y4;
				ENABLE_PREVIEWS = YES;
				GENERATE_INFOPLIST_FILE = YES;
				INFOPLIST_KEY_LSApplicationCategoryType = "public.app-category.books";
				INFOPLIST_KEY_UIApplicationSceneManifest_Generation = YES;
				INFOPLIST_KEY_UIApplicationSupportsIndirectInputEvents = YES;
				INFOPLIST_KEY_UILaunchScreen_Generation = YES;
				INFOPLIST_KEY_UISupportedInterfaceOrientations_iPad = "UIInterfaceOrientationPortrait UIInterfaceOrientationPortraitUpsideDown UIInterfaceOrientationLandscapeLeft UIInterfaceOrientationLandscapeRight";
				INFOPLIST_KEY_UISupportedInterfaceOrientations_iPhone = UIInterfaceOrientationPortrait;
				IPHONEOS_DEPLOYMENT_TARGET = 18.0;
				LD_RUNPATH_SEARCH_PATHS = (
					"$(inherited)",
					"@executable_path/Frameworks",
				);
				MARKETING_VERSION = 1.0;
				PRODUCT_BUNDLE_IDENTIFIER = "com.alvindo.Ivan-s-story";
				PRODUCT_NAME = "$(TARGET_NAME)";
				SWIFT_EMIT_LOC_STRINGS = YES;
				SWIFT_VERSION = 5.0;
				TARGETED_DEVICE_FAMILY = "1,2";
			};
			name = Release;
		};
		BD704B4E2DCB6AD1004C0A97 /* Debug */ = {
			isa = XCBuildConfiguration;
			buildSettings = {
				BUNDLE_LOADER = "$(TEST_HOST)";
				CODE_SIGN_STYLE = Automatic;
				CURRENT_PROJECT_VERSION = 1;
				DEVELOPMENT_TEAM = V793ZTK7Y4;
				GENERATE_INFOPLIST_FILE = YES;
				IPHONEOS_DEPLOYMENT_TARGET = 18.2;
				MARKETING_VERSION = 1.0;
				PRODUCT_BUNDLE_IDENTIFIER = "com.alvindo.Ivan-s-storyTests";
				PRODUCT_NAME = "$(TARGET_NAME)";
				SWIFT_EMIT_LOC_STRINGS = NO;
				SWIFT_VERSION = 5.0;
				TARGETED_DEVICE_FAMILY = "1,2";
				TEST_HOST = "$(BUILT_PRODUCTS_DIR)/Ivan's story.app/$(BUNDLE_EXECUTABLE_FOLDER_PATH)/Ivan's story";
			};
			name = Debug;
		};
		BD704B4F2DCB6AD1004C0A97 /* Release */ = {
			isa = XCBuildConfiguration;
			buildSettings = {
				BUNDLE_LOADER = "$(TEST_HOST)";
				CODE_SIGN_STYLE = Automatic;
				CURRENT_PROJECT_VERSION = 1;
				DEVELOPMENT_TEAM = V793ZTK7Y4;
				GENERATE_INFOPLIST_FILE = YES;
				IPHONEOS_DEPLOYMENT_TARGET = 18.2;
				MARKETING_VERSION = 1.0;
				PRODUCT_BUNDLE_IDENTIFIER = "com.alvindo.Ivan-s-storyTests";
				PRODUCT_NAME = "$(TARGET_NAME)";
				SWIFT_EMIT_LOC_STRINGS = NO;
				SWIFT_VERSION = 5.0;
				TARGETED_DEVICE_FAMILY = "1,2";
				TEST_HOST = "$(BUILT_PRODUCTS_DIR)/Ivan's story.app/$(BUNDLE_EXECUTABLE_FOLDER_PATH)/Ivan's story";
			};
			name = Release;
		};
		BD704B512DCB6AD1004C0A97 /* Debug */ = {
			isa = XCBuildConfiguration;
			buildSettings = {
				CODE_SIGN_STYLE = Automatic;
				CURRENT_PROJECT_VERSION = 1;
				DEVELOPMENT_TEAM = V793ZTK7Y4;
				GENERATE_INFOPLIST_FILE = YES;
				MARKETING_VERSION = 1.0;
				PRODUCT_BUNDLE_IDENTIFIER = "com.alvindo.Ivan-s-storyUITests";
				PRODUCT_NAME = "$(TARGET_NAME)";
				SWIFT_EMIT_LOC_STRINGS = NO;
				SWIFT_VERSION = 5.0;
				TARGETED_DEVICE_FAMILY = "1,2";
				TEST_TARGET_NAME = "Ivan's story";
			};
			name = Debug;
		};
		BD704B522DCB6AD1004C0A97 /* Release */ = {
			isa = XCBuildConfiguration;
			buildSettings = {
				CODE_SIGN_STYLE = Automatic;
				CURRENT_PROJECT_VERSION = 1;
				DEVELOPMENT_TEAM = V793ZTK7Y4;
				GENERATE_INFOPLIST_FILE = YES;
				MARKETING_VERSION = 1.0;
				PRODUCT_BUNDLE_IDENTIFIER = "com.alvindo.Ivan-s-storyUITests";
				PRODUCT_NAME = "$(TARGET_NAME)";
				SWIFT_EMIT_LOC_STRINGS = NO;
				SWIFT_VERSION = 5.0;
				TARGETED_DEVICE_FAMILY = "1,2";
				TEST_TARGET_NAME = "Ivan's story";
			};
			name = Release;
		};
/* End XCBuildConfiguration section */

/* Begin XCConfigurationList section */
		BD704B212DCB6AD0004C0A97 /* Build configuration list for PBXProject "Ivan's story" */ = {
			isa = XCConfigurationList;
			buildConfigurations = (
				BD704B482DCB6AD1004C0A97 /* Debug */,
				BD704B492DCB6AD1004C0A97 /* Release */,
			);
			defaultConfigurationIsVisible = 0;
			defaultConfigurationName = Release;
		};
		BD704B4A2DCB6AD1004C0A97 /* Build configuration list for PBXNativeTarget "Ivan's story" */ = {
			isa = XCConfigurationList;
			buildConfigurations = (
				BD704B4B2DCB6AD1004C0A97 /* Debug */,
				BD704B4C2DCB6AD1004C0A97 /* Release */,
			);
			defaultConfigurationIsVisible = 0;
			defaultConfigurationName = Release;
		};
		BD704B4D2DCB6AD1004C0A97 /* Build configuration list for PBXNativeTarget "Ivan's storyTests" */ = {
			isa = XCConfigurationList;
			buildConfigurations = (
				BD704B4E2DCB6AD1004C0A97 /* Debug */,
				BD704B4F2DCB6AD1004C0A97 /* Release */,
			);
			defaultConfigurationIsVisible = 0;
			defaultConfigurationName = Release;
		};
		BD704B502DCB6AD1004C0A97 /* Build configuration list for PBXNativeTarget "Ivan's storyUITests" */ = {
			isa = XCConfigurationList;
			buildConfigurations = (
				BD704B512DCB6AD1004C0A97 /* Debug */,
				BD704B522DCB6AD1004C0A97 /* Release */,
			);
			defaultConfigurationIsVisible = 0;
			defaultConfigurationName = Release;
		};
/* End XCConfigurationList section */

/* Begin XCRemoteSwiftPackageReference section */
		BD15A2B62DCE099000C5FAEB /* XCRemoteSwiftPackageReference "ConfettiSwiftUI" */ = {
			isa = XCRemoteSwiftPackageReference;
			repositoryURL = "https://github.com/simibac/ConfettiSwiftUI";
			requirement = {
				kind = upToNextMajorVersion;
				minimumVersion = 2.0.3;
			};
		};
		BD53EBAA2DDB26BF0082CB39 /* XCRemoteSwiftPackageReference "swiftui-vertical-tab-view" */ = {
			isa = XCRemoteSwiftPackageReference;
			repositoryURL = "https://github.com/lorenzofiamingo/swiftui-vertical-tab-view.git";
			requirement = {
				kind = upToNextMajorVersion;
				minimumVersion = 2.0.0;
			};
		};
		BD8F091A2DD4D96C00199409 /* XCRemoteSwiftPackageReference "lottie-ios" */ = {
			isa = XCRemoteSwiftPackageReference;
			repositoryURL = "https://github.com/airbnb/lottie-ios";
			requirement = {
				kind = upToNextMajorVersion;
				minimumVersion = 4.5.1;
			};
		};
/* End XCRemoteSwiftPackageReference section */

/* Begin XCSwiftPackageProductDependency section */
		BD15A2B72DCE0A9800C5FAEB /* ConfettiSwiftUI */ = {
			isa = XCSwiftPackageProductDependency;
			package = BD15A2B62DCE099000C5FAEB /* XCRemoteSwiftPackageReference "ConfettiSwiftUI" */;
			productName = ConfettiSwiftUI;
		};
		BD53EBAB2DDB26BF0082CB39 /* VTabView */ = {
			isa = XCSwiftPackageProductDependency;
			package = BD53EBAA2DDB26BF0082CB39 /* XCRemoteSwiftPackageReference "swiftui-vertical-tab-view" */;
			productName = VTabView;
		};
		BD8F091B2DD4D96C00199409 /* Lottie */ = {
			isa = XCSwiftPackageProductDependency;
			package = BD8F091A2DD4D96C00199409 /* XCRemoteSwiftPackageReference "lottie-ios" */;
			productName = Lottie;
		};
/* End XCSwiftPackageProductDependency section */
	};
	rootObject = BD704B1E2DCB6AD0004C0A97 /* Project object */;
}
